
Microsoft Visual Studio Solution File, Format Version 12.00
# Visual Studio Version 16
VisualStudioVersion = 16.0.29306.81
MinimumVisualStudioVersion = 10.0.40219.1
Project("{FAE04EC0-301F-11D3-BF4B-00C04F79EFBC}") = "GitTest", "GitTest\GitTest.csproj", "{7B2B1410-1866-444D-A088-FBD2F0AEAC04}"
EndProject
Global
	GlobalSection(SolutionConfigurationPlatforms) = preSolution
		Debug|Any CPU = Debug|Any CPU
		Release|Any CPU = Release|Any CPU
	EndGlobalSection
	GlobalSection(ProjectConfigurationPlatforms) = postSolution
		{7B2B1410-1866-444D-A088-FBD2F0AEAC04}.Debug|Any CPU.ActiveCfg = Debug|Any CPU
		{7B2B1410-1866-444D-A088-FBD2F0AEAC04}.Debug|Any CPU.Build.0 = Debug|Any CPU
		{7B2B1410-1866-444D-A088-FBD2F0AEAC04}.Release|Any CPU.ActiveCfg = Release|Any CPU
		{7B2B1410-1866-444D-A088-FBD2F0AEAC04}.Release|Any CPU.Build.0 = Release|Any CPU
	EndGlobalSection
	GlobalSection(SolutionProperties) = preSolution
		HideSolutionNode = FALSE
	EndGlobalSection
	GlobalSection(ExtensibilityGlobals) = postSolution
		SolutionGuid = {BF325F32-D4A8-4AFE-814E-5D3CFBA401D2}
	EndGlobalSection
EndGlobal
